Microsoft Visual Studio Solution File, Format Version 12.00
# Visual Studio Version 17
VisualStudioVersion = 17.5.2.0
MinimumVisualStudioVersion = 10.0.40219.1
Project("{FAE04EC0-301F-11D3-BF4B-00C04F79EFBC}") = "desafioCalc", "desafioCalc\desafioCalc.csproj", "{B42B7D2C-AA26-091F-DF79-5469AFED7086}"
EndProject
Project("{FAE04EC0-301F-11D3-BF4B-00C04F79EFBC}") = "hello", "hello\hello.csproj", "{B052800D-491F-CFB9-7B77-6B83761AE8CA}"
EndProject
Global
	GlobalSection(SolutionConfigurationPlatforms) = preSolution
		Debug|Any CPU = Debug|Any CPU
		Release|Any CPU = Release|Any CPU
	EndGlobalSection
	GlobalSection(ProjectConfigurationPlatforms) = postSolution
		{B42B7D2C-AA26-091F-DF79-5469AFED7086}.Debug|Any CPU.ActiveCfg = Debug|Any CPU
		{B42B7D2C-AA26-091F-DF79-5469AFED7086}.Debug|Any CPU.Build.0 = Debug|Any CPU
		{B42B7D2C-AA26-091F-DF79-5469AFED7086}.Release|Any CPU.ActiveCfg = Release|Any CPU
		{B42B7D2C-AA26-091F-DF79-5469AFED7086}.Release|Any CPU.Build.0 = Release|Any CPU
		{B052800D-491F-CFB9-7B77-6B83761AE8CA}.Debug|Any CPU.ActiveCfg = Debug|Any CPU
		{B052800D-491F-CFB9-7B77-6B83761AE8CA}.Debug|Any CPU.Build.0 = Debug|Any CPU
		{B052800D-491F-CFB9-7B77-6B83761AE8CA}.Release|Any CPU.ActiveCfg = Release|Any CPU
		{B052800D-491F-CFB9-7B77-6B83761AE8CA}.Release|Any CPU.Build.0 = Release|Any CPU
	EndGlobalSection
	GlobalSection(SolutionProperties) = preSolution
		HideSolutionNode = FALSE
	EndGlobalSection
	GlobalSection(ExtensibilityGlobals) = postSolution
		SolutionGuid = {3E6B921B-2B75-499A-B962-319776B7B6CA}
	EndGlobalSection
EndGlobal
