Microsoft Visual Studio Solution File, Format Version 12.00
# Visual Studio Version 17
VisualStudioVersion = 17.5.2.0
MinimumVisualStudioVersion = 10.0.40219.1
Project("{FAE04EC0-301F-11D3-BF4B-00C04F79EFBC}") = "exercicio2", "exercicio2.csproj", "{9CBC7798-6C42-8D12-3473-F7EA96030BAF}"
EndProject
Global
	GlobalSection(SolutionConfigurationPlatforms) = preSolution
		Debug|Any CPU = Debug|Any CPU
		Release|Any CPU = Release|Any CPU
	EndGlobalSection
	GlobalSection(ProjectConfigurationPlatforms) = postSolution
		{9CBC7798-6C42-8D12-3473-F7EA96030BAF}.Debug|Any CPU.ActiveCfg = Debug|Any CPU
		{9CBC7798-6C42-8D12-3473-F7EA96030BAF}.Debug|Any CPU.Build.0 = Debug|Any CPU
		{9CBC7798-6C42-8D12-3473-F7EA96030BAF}.Release|Any CPU.ActiveCfg = Release|Any CPU
		{9CBC7798-6C42-8D12-3473-F7EA96030BAF}.Release|Any CPU.Build.0 = Release|Any CPU
	EndGlobalSection
	GlobalSection(SolutionProperties) = preSolution
		HideSolutionNode = FALSE
	EndGlobalSection
	GlobalSection(ExtensibilityGlobals) = postSolution
		SolutionGuid = {8648B029-454E-4B12-9935-BE59298E7B87}
	EndGlobalSection
EndGlobal
