Microsoft Visual Studio Solution File, Format Version 12.00
# Visual Studio Version 17
VisualStudioVersion = 17.5.2.0
MinimumVisualStudioVersion = 10.0.40219.1
Project("{FAE04EC0-301F-11D3-BF4B-00C04F79EFBC}") = "desafioCalc", "desafioCalc.csproj", "{BA77D7E8-645B-2DC0-BD70-AA12BC0A9F6F}"
EndProject
Global
	GlobalSection(SolutionConfigurationPlatforms) = preSolution
		Debug|Any CPU = Debug|Any CPU
		Release|Any CPU = Release|Any CPU
	EndGlobalSection
	GlobalSection(ProjectConfigurationPlatforms) = postSolution
		{BA77D7E8-645B-2DC0-BD70-AA12BC0A9F6F}.Debug|Any CPU.ActiveCfg = Debug|Any CPU
		{BA77D7E8-645B-2DC0-BD70-AA12BC0A9F6F}.Debug|Any CPU.Build.0 = Debug|Any CPU
		{BA77D7E8-645B-2DC0-BD70-AA12BC0A9F6F}.Release|Any CPU.ActiveCfg = Release|Any CPU
		{BA77D7E8-645B-2DC0-BD70-AA12BC0A9F6F}.Release|Any CPU.Build.0 = Release|Any CPU
	EndGlobalSection
	GlobalSection(SolutionProperties) = preSolution
		HideSolutionNode = FALSE
	EndGlobalSection
	GlobalSection(ExtensibilityGlobals) = postSolution
		SolutionGuid = {70BE7392-2A45-4D53-9D29-837854DF0B0F}
	EndGlobalSection
EndGlobal
