Microsoft Visual Studio Solution File, Format Version 12.00
# Visual Studio Version 17
VisualStudioVersion = 17.5.2.0
MinimumVisualStudioVersion = 10.0.40219.1
Project("{FAE04EC0-301F-11D3-BF4B-00C04F79EFBC}") = "exercicio04", "exercicio04.csproj", "{A10F55F2-1082-5B4A-B54A-C012A2DC60E7}"
EndProject
Global
	GlobalSection(SolutionConfigurationPlatforms) = preSolution
		Debug|Any CPU = Debug|Any CPU
		Release|Any CPU = Release|Any CPU
	EndGlobalSection
	GlobalSection(ProjectConfigurationPlatforms) = postSolution
		{A10F55F2-1082-5B4A-B54A-C012A2DC60E7}.Debug|Any CPU.ActiveCfg = Debug|Any CPU
		{A10F55F2-1082-5B4A-B54A-C012A2DC60E7}.Debug|Any CPU.Build.0 = Debug|Any CPU
		{A10F55F2-1082-5B4A-B54A-C012A2DC60E7}.Release|Any CPU.ActiveCfg = Release|Any CPU
		{A10F55F2-1082-5B4A-B54A-C012A2DC60E7}.Release|Any CPU.Build.0 = Release|Any CPU
	EndGlobalSection
	GlobalSection(SolutionProperties) = preSolution
		HideSolutionNode = FALSE
	EndGlobalSection
	GlobalSection(ExtensibilityGlobals) = postSolution
		SolutionGuid = {51F9ADF6-421F-4F63-9EDF-73B0DD8A6F5A}
	EndGlobalSection
EndGlobal
