Microsoft Visual Studio Solution File, Format Version 12.00
# Visual Studio Version 17
VisualStudioVersion = 17.5.2.0
MinimumVisualStudioVersion = 10.0.40219.1
Project("{FAE04EC0-301F-11D3-BF4B-00C04F79EFBC}") = "ContrutorMetodoContrutor", "ContrutorMetodoContrutor.csproj", "{3FB5D341-AF85-8817-DDB6-EA0A672A7D4B}"
EndProject
Global
	GlobalSection(SolutionConfigurationPlatforms) = preSolution
		Debug|Any CPU = Debug|Any CPU
		Release|Any CPU = Release|Any CPU
	EndGlobalSection
	GlobalSection(ProjectConfigurationPlatforms) = postSolution
		{3FB5D341-AF85-8817-DDB6-EA0A672A7D4B}.Debug|Any CPU.ActiveCfg = Debug|Any CPU
		{3FB5D341-AF85-8817-DDB6-EA0A672A7D4B}.Debug|Any CPU.Build.0 = Debug|Any CPU
		{3FB5D341-AF85-8817-DDB6-EA0A672A7D4B}.Release|Any CPU.ActiveCfg = Release|Any CPU
		{3FB5D341-AF85-8817-DDB6-EA0A672A7D4B}.Release|Any CPU.Build.0 = Release|Any CPU
	EndGlobalSection
	GlobalSection(SolutionProperties) = preSolution
		HideSolutionNode = FALSE
	EndGlobalSection
	GlobalSection(ExtensibilityGlobals) = postSolution
		SolutionGuid = {1C511AC3-2B17-4814-AC6B-6EE1EE32C6A6}
	EndGlobalSection
EndGlobal
