Microsoft Visual Studio Solution File, Format Version 12.00
# Visual Studio Version 17
VisualStudioVersion = 17.5.2.0
MinimumVisualStudioVersion = 10.0.40219.1
Project("{FAE04EC0-301F-11D3-BF4B-00C04F79EFBC}") = "exercicio1", "exercicio1.csproj", "{D14B1CC9-837C-4B8A-FDF2-1EFB7A4F1026}"
EndProject
Global
	GlobalSection(SolutionConfigurationPlatforms) = preSolution
		Debug|Any CPU = Debug|Any CPU
		Release|Any CPU = Release|Any CPU
	EndGlobalSection
	GlobalSection(ProjectConfigurationPlatforms) = postSolution
		{D14B1CC9-837C-4B8A-FDF2-1EFB7A4F1026}.Debug|Any CPU.ActiveCfg = Debug|Any CPU
		{D14B1CC9-837C-4B8A-FDF2-1EFB7A4F1026}.Debug|Any CPU.Build.0 = Debug|Any CPU
		{D14B1CC9-837C-4B8A-FDF2-1EFB7A4F1026}.Release|Any CPU.ActiveCfg = Release|Any CPU
		{D14B1CC9-837C-4B8A-FDF2-1EFB7A4F1026}.Release|Any CPU.Build.0 = Release|Any CPU
	EndGlobalSection
	GlobalSection(SolutionProperties) = preSolution
		HideSolutionNode = FALSE
	EndGlobalSection
	GlobalSection(ExtensibilityGlobals) = postSolution
		SolutionGuid = {44D055DD-583D-41ED-BD7B-59AFB6FF7DD6}
	EndGlobalSection
EndGlobal
