Microsoft Visual Studio Solution File, Format Version 12.00
# Visual Studio Version 17
VisualStudioVersion = 17.5.2.0
MinimumVisualStudioVersion = 10.0.40219.1
Project("{FAE04EC0-301F-11D3-BF4B-00C04F79EFBC}") = "AgencaTorloni", "AgencaTorloni.csproj", "{D41DEE0E-DB07-8163-9C2E-6955B22B7B37}"
EndProject
Global
	GlobalSection(SolutionConfigurationPlatforms) = preSolution
		Debug|Any CPU = Debug|Any CPU
		Release|Any CPU = Release|Any CPU
	EndGlobalSection
	GlobalSection(ProjectConfigurationPlatforms) = postSolution
		{D41DEE0E-DB07-8163-9C2E-6955B22B7B37}.Debug|Any CPU.ActiveCfg = Debug|Any CPU
		{D41DEE0E-DB07-8163-9C2E-6955B22B7B37}.Debug|Any CPU.Build.0 = Debug|Any CPU
		{D41DEE0E-DB07-8163-9C2E-6955B22B7B37}.Release|Any CPU.ActiveCfg = Release|Any CPU
		{D41DEE0E-DB07-8163-9C2E-6955B22B7B37}.Release|Any CPU.Build.0 = Release|Any CPU
	EndGlobalSection
	GlobalSection(SolutionProperties) = preSolution
		HideSolutionNode = FALSE
	EndGlobalSection
	GlobalSection(ExtensibilityGlobals) = postSolution
		SolutionGuid = {F9DC5A32-5B23-4875-9C41-85B1337EF607}
	EndGlobalSection
EndGlobal
