Microsoft Visual Studio Solution File, Format Version 12.00
# Visual Studio Version 17
VisualStudioVersion = 17.5.2.0
MinimumVisualStudioVersion = 10.0.40219.1
Project("{FAE04EC0-301F-11D3-BF4B-00C04F79EFBC}") = "exercicio06", "exercicio06.csproj", "{E6F96EEB-04FA-4A06-77F2-E3B3779922FB}"
EndProject
Global
	GlobalSection(SolutionConfigurationPlatforms) = preSolution
		Debug|Any CPU = Debug|Any CPU
		Release|Any CPU = Release|Any CPU
	EndGlobalSection
	GlobalSection(ProjectConfigurationPlatforms) = postSolution
		{E6F96EEB-04FA-4A06-77F2-E3B3779922FB}.Debug|Any CPU.ActiveCfg = Debug|Any CPU
		{E6F96EEB-04FA-4A06-77F2-E3B3779922FB}.Debug|Any CPU.Build.0 = Debug|Any CPU
		{E6F96EEB-04FA-4A06-77F2-E3B3779922FB}.Release|Any CPU.ActiveCfg = Release|Any CPU
		{E6F96EEB-04FA-4A06-77F2-E3B3779922FB}.Release|Any CPU.Build.0 = Release|Any CPU
	EndGlobalSection
	GlobalSection(SolutionProperties) = preSolution
		HideSolutionNode = FALSE
	EndGlobalSection
	GlobalSection(ExtensibilityGlobals) = postSolution
		SolutionGuid = {ABD60C34-778C-4F00-8B19-E078E66C0A7A}
	EndGlobalSection
EndGlobal
